// !$*UTF8*$!
{
	archiveVersion = 1;
	classes = {
	};
	objectVersion = 77;
	objects = {

/* Begin PBXBuildFile section */
		08F6052A816BB9ACCA0C29A1 /* AppDelegate.swift in Sources */ = {isa = PBXBuildFile; fileRef = A0E594E96E837F06FCDA74BD /* AppDelegate.swift */; };
		0F17F80BC41F084C725C8D3C /* EspansoMatch.swift in Sources */ = {isa = PBXBuildFile; fileRef = 1B9CF37AC7F49D20F5E7DFE9 /* EspansoMatch.swift */; };
		60D9D5294EF11BD883A67895 /* EspansoVar.swift in Sources */ = {isa = PBXBuildFile; fileRef = 1BA30315FCC8E232EF0619A7 /* EspansoVar.swift */; };
		7DBA6F75EEA2397E14800BA1 /* MenuBarController.swift in Sources */ = {isa = PBXBuildFile; fileRef = 2D9311AD3CA4F25DF3E49BF7 /* MenuBarController.swift */; };
		8ECA817CBF7170DADD934DDA /* Yams in Frameworks */ = {isa = PBXBuildFile; productRef = 5FB62BECB934B23CAC5FA023 /* Yams */; };
		90E2CD0C6149E612E0DE0475 /* PlaceholderTests.swift in Sources */ = {isa = PBXBuildFile; fileRef = E3A2AFC15CA918EC3DE9A940 /* PlaceholderTests.swift */; };
		940CB95865F935DBDBDDDB21 /* macspansoApp.swift in Sources */ = {isa = PBXBuildFile; fileRef = F73300D0AA66B88477808373 /* macspansoApp.swift */; };
		945285C3E38182EB610CD985 /* FormField.swift in Sources */ = {isa = PBXBuildFile; fileRef = 89DC13EF64A6AE194B8E4329 /* FormField.swift */; };
		A2B847F01BE3904CB019054D /* Yams in Frameworks */ = {isa = PBXBuildFile; productRef = F5A008572CFB07101C8342C3 /* Yams */; };
		F111131E613F5C6CC4F8BBBC /* MatchFile.swift in Sources */ = {isa = PBXBuildFile; fileRef = 3BFC9A2FF067F185C8063123 /* MatchFile.swift */; };
/* End PBXBuildFile section */

/* Begin PBXContainerItemProxy section */
		D8142C7E27D0A311C47E3AAE /* PBXContainerItemProxy */ = {
			isa = PBXContainerItemProxy;
			containerPortal = 4C137EBD843B41073140CDC9 /* Project object */;
			proxyType = 1;
			remoteGlobalIDString = E609A0361684D80F77269BBE;
			remoteInfo = macspanso;
		};
/* End PBXContainerItemProxy section */

/* Begin PBXFileReference section */
		1B9CF37AC7F49D20F5E7DFE9 /* EspansoMatch.swift */ = {isa = PBXFileReference; lastKnownFileType = sourcecode.swift; path = EspansoMatch.swift; sourceTree = "<group>"; };
		1BA30315FCC8E232EF0619A7 /* EspansoVar.swift */ = {isa = PBXFileReference; lastKnownFileType = sourcecode.swift; path = EspansoVar.swift; sourceTree = "<group>"; };
		2D9311AD3CA4F25DF3E49BF7 /* MenuBarController.swift */ = {isa = PBXFileReference; lastKnownFileType = sourcecode.swift; path = MenuBarController.swift; sourceTree = "<group>"; };
		35DBB64F4559E50573FEBB39 /* macspansoTests.xctest */ = {isa = PBXFileReference; explicitFileType = wrapper.cfbundle; includeInIndex = 0; path = macspansoTests.xctest; sourceTree = BUILT_PRODUCTS_DIR; };
		3BFC9A2FF067F185C8063123 /* MatchFile.swift */ = {isa = PBXFileReference; lastKnownFileType = sourcecode.swift; path = MatchFile.swift; sourceTree = "<group>"; };
		42053EE2AEEB31EC83CE7EAA /* Info.plist */ = {isa = PBXFileReference; lastKnownFileType = text.plist; path = Info.plist; sourceTree = "<group>"; };
		7D101A2C6D185C3EC5C0BC8D /* macspanso.app */ = {isa = PBXFileReference; explicitFileType = wrapper.application; includeInIndex = 0; path = macspanso.app; sourceTree = BUILT_PRODUCTS_DIR; };
		89DC13EF64A6AE194B8E4329 /* FormField.swift */ = {isa = PBXFileReference; lastKnownFileType = sourcecode.swift; path = FormField.swift; sourceTree = "<group>"; };
		A0E594E96E837F06FCDA74BD /* AppDelegate.swift */ = {isa = PBXFileReference; lastKnownFileType = sourcecode.swift; path = AppDelegate.swift; sourceTree = "<group>"; };
		E3A2AFC15CA918EC3DE9A940 /* PlaceholderTests.swift */ = {isa = PBXFileReference; lastKnownFileType = sourcecode.swift; path = PlaceholderTests.swift; sourceTree = "<group>"; };
		F73300D0AA66B88477808373 /* macspansoApp.swift */ = {isa = PBXFileReference; lastKnownFileType = sourcecode.swift; path = macspansoApp.swift; sourceTree = "<group>"; };
/* End PBXFileReference section */

/* Begin PBXFrameworksBuildPhase section */
		F080B65AAFC140E1B76118D6 /* Frameworks */ = {
			isa = PBXFrameworksBuildPhase;
			buildActionMask = 2147483647;
			files = (
				A2B847F01BE3904CB019054D /* Yams in Frameworks */,
			);
			runOnlyForDeploymentPostprocessing = 0;
		};
		F459A8210BC3DBB30859557A /* Frameworks */ = {
			isa = PBXFrameworksBuildPhase;
			buildActionMask = 2147483647;
			files = (
				8ECA817CBF7170DADD934DDA /* Yams in Frameworks */,
			);
			runOnlyForDeploymentPostprocessing = 0;
		};
/* End PBXFrameworksBuildPhase section */

/* Begin PBXGroup section */
		20A5532ABD2B84F1EC62FCA2 /* macspanso */ = {
			isa = PBXGroup;
			children = (
				A812FE7A84709891EDC1F593 /* App */,
				52AF2A16F3FB15621CC5C266 /* MenuBar */,
				43B251CB6867BA66152BAE40 /* Model */,
			);
			path = macspanso;
			sourceTree = "<group>";
		};
		43B251CB6867BA66152BAE40 /* Model */ = {
			isa = PBXGroup;
			children = (
				1B9CF37AC7F49D20F5E7DFE9 /* EspansoMatch.swift */,
				1BA30315FCC8E232EF0619A7 /* EspansoVar.swift */,
				89DC13EF64A6AE194B8E4329 /* FormField.swift */,
				3BFC9A2FF067F185C8063123 /* MatchFile.swift */,
			);
			path = Model;
			sourceTree = "<group>";
		};
		4A08BFB5B5EA54D2088EA67E /* macspansoTests */ = {
			isa = PBXGroup;
			children = (
				E3A2AFC15CA918EC3DE9A940 /* PlaceholderTests.swift */,
			);
			path = macspansoTests;
			sourceTree = "<group>";
		};
		52AF2A16F3FB15621CC5C266 /* MenuBar */ = {
			isa = PBXGroup;
			children = (
				2D9311AD3CA4F25DF3E49BF7 /* MenuBarController.swift */,
			);
			path = MenuBar;
			sourceTree = "<group>";
		};
		63B5EC8AEA3396D76B53A67D = {
			isa = PBXGroup;
			children = (
				20A5532ABD2B84F1EC62FCA2 /* macspanso */,
				4A08BFB5B5EA54D2088EA67E /* macspansoTests */,
				83B11F74F9F858304F6394C5 /* Products */,
			);
			sourceTree = "<group>";
		};
		83B11F74F9F858304F6394C5 /* Products */ = {
			isa = PBXGroup;
			children = (
				7D101A2C6D185C3EC5C0BC8D /* macspanso.app */,
				35DBB64F4559E50573FEBB39 /* macspansoTests.xctest */,
			);
			name = Products;
			sourceTree = "<group>";
		};
		A812FE7A84709891EDC1F593 /* App */ = {
			isa = PBXGroup;
			children = (
				A0E594E96E837F06FCDA74BD /* AppDelegate.swift */,
				42053EE2AEEB31EC83CE7EAA /* Info.plist */,
				F73300D0AA66B88477808373 /* macspansoApp.swift */,
			);
			path = App;
			sourceTree = "<group>";
		};
/* End PBXGroup section */

/* Begin PBXNativeTarget section */
		83A2F9E4D5633C9B8871CF86 /* macspansoTests */ = {
			isa = PBXNativeTarget;
			buildConfigurationList = 669B649026B326F6794F7FF3 /* Build configuration list for PBXNativeTarget "macspansoTests" */;
			buildPhases = (
				FFAD61B892BF1B8824F43268 /* Sources */,
				F080B65AAFC140E1B76118D6 /* Frameworks */,
			);
			buildRules = (
			);
			dependencies = (
				33D50C2C8FF63C355890B871 /* PBXTargetDependency */,
			);
			name = macspansoTests;
			packageProductDependencies = (
				F5A008572CFB07101C8342C3 /* Yams */,
			);
			productName = macspansoTests;
			productReference = 35DBB64F4559E50573FEBB39 /* macspansoTests.xctest */;
			productType = "com.apple.product-type.bundle.unit-test";
		};
		E609A0361684D80F77269BBE /* macspanso */ = {
			isa = PBXNativeTarget;
			buildConfigurationList = 05FCA966E5C3F35F4B3F527C /* Build configuration list for PBXNativeTarget "macspanso" */;
			buildPhases = (
				1811DEB55911BCCC39DFC1E7 /* Sources */,
				F459A8210BC3DBB30859557A /* Frameworks */,
			);
			buildRules = (
			);
			dependencies = (
			);
			name = macspanso;
			packageProductDependencies = (
				5FB62BECB934B23CAC5FA023 /* Yams */,
			);
			productName = macspanso;
			productReference = 7D101A2C6D185C3EC5C0BC8D /* macspanso.app */;
			productType = "com.apple.product-type.application";
		};
/* End PBXNativeTarget section */

/* Begin PBXProject section */
		4C137EBD843B41073140CDC9 /* Project object */ = {
			isa = PBXProject;
			attributes = {
				BuildIndependentTargetsInParallel = YES;
				LastUpgradeCheck = 1500;
				TargetAttributes = {
					83A2F9E4D5633C9B8871CF86 = {
						ProvisioningStyle = Manual;
					};
					E609A0361684D80F77269BBE = {
						ProvisioningStyle = Manual;
					};
				};
			};
			buildConfigurationList = BFD006AE4C09E4BEA90F9E1C /* Build configuration list for PBXProject "macspanso" */;
			developmentRegion = en;
			hasScannedForEncodings = 0;
			knownRegions = (
				Base,
				en,
			);
			mainGroup = 63B5EC8AEA3396D76B53A67D;
			minimizedProjectReferenceProxies = 1;
			packageReferences = (
				1C4E8C4E79EDD11AE79F2439 /* XCRemoteSwiftPackageReference "Yams" */,
			);
			preferredProjectObjectVersion = 77;
			productRefGroup = 83B11F74F9F858304F6394C5 /* Products */;
			projectDirPath = "";
			projectRoot = "";
			targets = (
				E609A0361684D80F77269BBE /* macspanso */,
				83A2F9E4D5633C9B8871CF86 /* macspansoTests */,
			);
		};
/* End PBXProject section */

/* Begin PBXSourcesBuildPhase section */
		1811DEB55911BCCC39DFC1E7 /* Sources */ = {
			isa = PBXSourcesBuildPhase;
			buildActionMask = 2147483647;
			files = (
				08F6052A816BB9ACCA0C29A1 /* AppDelegate.swift in Sources */,
				0F17F80BC41F084C725C8D3C /* EspansoMatch.swift in Sources */,
				60D9D5294EF11BD883A67895 /* EspansoVar.swift in Sources */,
				945285C3E38182EB610CD985 /* FormField.swift in Sources */,
				F111131E613F5C6CC4F8BBBC /* MatchFile.swift in Sources */,
				7DBA6F75EEA2397E14800BA1 /* MenuBarController.swift in Sources */,
				940CB95865F935DBDBDDDB21 /* macspansoApp.swift in Sources */,
			);
			runOnlyForDeploymentPostprocessing = 0;
		};
		FFAD61B892BF1B8824F43268 /* Sources */ = {
			isa = PBXSourcesBuildPhase;
			buildActionMask = 2147483647;
			files = (
				90E2CD0C6149E612E0DE0475 /* PlaceholderTests.swift in Sources */,
			);
			runOnlyForDeploymentPostprocessing = 0;
		};
/* End PBXSourcesBuildPhase section */

/* Begin PBXTargetDependency section */
		33D50C2C8FF63C355890B871 /* PBXTargetDependency */ = {
			isa = PBXTargetDependency;
			target = E609A0361684D80F77269BBE /* macspanso */;
			targetProxy = D8142C7E27D0A311C47E3AAE /* PBXContainerItemProxy */;
		};
/* End PBXTargetDependency section */

/* Begin XCBuildConfiguration section */
		08F1F962335F6DF203C7040A /* Release */ = {
			isa = XCBuildConfiguration;
			buildSettings = {
				BUNDLE_LOADER = "$(TEST_HOST)";
				CODE_SIGN_IDENTITY = "-";
				CODE_SIGN_STYLE = Manual;
				COMBINE_HIDPI_IMAGES = YES;
				GENERATE_INFOPLIST_FILE = YES;
				LD_RUNPATH_SEARCH_PATHS = (
					"$(inherited)",
					"@executable_path/../Frameworks",
					"@loader_path/../Frameworks",
				);
				PRODUCT_BUNDLE_IDENTIFIER = com.macspanso.macspansoTests;
				SDKROOT = macosx;
				TEST_HOST = "$(BUILT_PRODUCTS_DIR)/macspanso.app/Contents/MacOS/macspanso";
			};
			name = Release;
		};
		437C82B8DCCF4885E1EBF458 /* Debug */ = {
			isa = XCBuildConfiguration;
			buildSettings = {
				ASSETCATALOG_COMPILER_APPICON_NAME = AppIcon;
				CODE_SIGN_IDENTITY = "-";
				CODE_SIGN_STYLE = Manual;
				COMBINE_HIDPI_IMAGES = YES;
				INFOPLIST_FILE = macspanso/App/Info.plist;
				LD_RUNPATH_SEARCH_PATHS = (
					"$(inherited)",
					"@executable_path/../Frameworks",
				);
				PRODUCT_BUNDLE_IDENTIFIER = com.macspanso.macspanso;
				SDKROOT = macosx;
			};
			name = Debug;
		};
		81F67B36EE86CC1600D1F418 /* Release */ = {
			isa = XCBuildConfiguration;
			buildSettings = {
				ASSETCATALOG_COMPILER_APPICON_NAME = AppIcon;
				CODE_SIGN_IDENTITY = "-";
				CODE_SIGN_STYLE = Manual;
				COMBINE_HIDPI_IMAGES = YES;
				INFOPLIST_FILE = macspanso/App/Info.plist;
				LD_RUNPATH_SEARCH_PATHS = (
					"$(inherited)",
					"@executable_path/../Frameworks",
				);
				PRODUCT_BUNDLE_IDENTIFIER = com.macspanso.macspanso;
				SDKROOT = macosx;
			};
			name = Release;
		};
		8586014D53E5DC74E8FA39ED /* Debug */ = {
			isa = XCBuildConfiguration;
			buildSettings = {
				BUNDLE_LOADER = "$(TEST_HOST)";
				CODE_SIGN_IDENTITY = "-";
				CODE_SIGN_STYLE = Manual;
				COMBINE_HIDPI_IMAGES = YES;
				GENERATE_INFOPLIST_FILE = YES;
				LD_RUNPATH_SEARCH_PATHS = (
					"$(inherited)",
					"@executable_path/../Frameworks",
					"@loader_path/../Frameworks",
				);
				PRODUCT_BUNDLE_IDENTIFIER = com.macspanso.macspansoTests;
				SDKROOT = macosx;
				TEST_HOST = "$(BUILT_PRODUCTS_DIR)/macspanso.app/Contents/MacOS/macspanso";
			};
			name = Debug;
		};
		E444A741527891FF8AB01016 /* Release */ = {
			isa = XCBuildConfiguration;
			buildSettings = {
				ALWAYS_SEARCH_USER_PATHS = NO;
				CLANG_ANALYZER_NONNULL = YES;
				CLANG_ANALYZER_NUMBER_OBJECT_CONVERSION = YES_AGGRESSIVE;
				CLANG_CXX_LANGUAGE_STANDARD = "gnu++14";
				CLANG_CXX_LIBRARY = "libc++";
				CLANG_ENABLE_MODULES = YES;
				CLANG_ENABLE_OBJC_ARC = YES;
				CLANG_ENABLE_OBJC_WEAK = YES;
				CLANG_WARN_BLOCK_CAPTURE_AUTORELEASING = YES;
				CLANG_WARN_BOOL_CONVERSION = YES;
				CLANG_WARN_COMMA = YES;
				CLANG_WARN_CONSTANT_CONVERSION = YES;
				CLANG_WARN_DEPRECATED_OBJC_IMPLEMENTATIONS = YES;
				CLANG_WARN_DIRECT_OBJC_ISA_USAGE = YES_ERROR;
				CLANG_WARN_DOCUMENTATION_COMMENTS = YES;
				CLANG_WARN_EMPTY_BODY = YES;
				CLANG_WARN_ENUM_CONVERSION = YES;
				CLANG_WARN_INFINITE_RECURSION = YES;
				CLANG_WARN_INT_CONVERSION = YES;
				CLANG_WARN_NON_LITERAL_NULL_CONVERSION = YES;
				CLANG_WARN_OBJC_IMPLICIT_RETAIN_SELF = YES;
				CLANG_WARN_OBJC_LITERAL_CONVERSION = YES;
				CLANG_WARN_OBJC_ROOT_CLASS = YES_ERROR;
				CLANG_WARN_QUOTED_INCLUDE_IN_FRAMEWORK_HEADER = YES;
				CLANG_WARN_RANGE_LOOP_ANALYSIS = YES;
				CLANG_WARN_STRICT_PROTOTYPES = YES;
				CLANG_WARN_SUSPICIOUS_MOVE = YES;
				CLANG_WARN_UNGUARDED_AVAILABILITY = YES_AGGRESSIVE;
				CLANG_WARN_UNREACHABLE_CODE = YES;
				CLANG_WARN__DUPLICATE_METHOD_MATCH = YES;
				COPY_PHASE_STRIP = NO;
				DEBUG_INFORMATION_FORMAT = "dwarf-with-dsym";
				ENABLE_HARDENED_RUNTIME = YES;
				ENABLE_NS_ASSERTIONS = NO;
				ENABLE_STRICT_OBJC_MSGSEND = YES;
				GCC_C_LANGUAGE_STANDARD = gnu11;
				GCC_NO_COMMON_BLOCKS = YES;
				GCC_WARN_64_TO_32_BIT_CONVERSION = YES;
				GCC_WARN_ABOUT_RETURN_TYPE = YES_ERROR;
				GCC_WARN_UNDECLARED_SELECTOR = YES;
				GCC_WARN_UNINITIALIZED_AUTOS = YES_AGGRESSIVE;
				GCC_WARN_UNUSED_FUNCTION = YES;
				GCC_WARN_UNUSED_VARIABLE = YES;
				MACOSX_DEPLOYMENT_TARGET = 13.0;
				MTL_ENABLE_DEBUG_INFO = NO;
				MTL_FAST_MATH = YES;
				PRODUCT_NAME = "$(TARGET_NAME)";
				SDKROOT = macosx;
				SWIFT_COMPILATION_MODE = wholemodule;
				SWIFT_OPTIMIZATION_LEVEL = "-O";
				SWIFT_VERSION = 5.9;
			};
			name = Release;
		};
		E4FDB40345B78214CFC2483C /* Debug */ = {
			isa = XCBuildConfiguration;
			buildSettings = {
				ALWAYS_SEARCH_USER_PATHS = NO;
				CLANG_ANALYZER_NONNULL = YES;
				CLANG_ANALYZER_NUMBER_OBJECT_CONVERSION = YES_AGGRESSIVE;
				CLANG_CXX_LANGUAGE_STANDARD = "gnu++14";
				CLANG_CXX_LIBRARY = "libc++";
				CLANG_ENABLE_MODULES = YES;
				CLANG_ENABLE_OBJC_ARC = YES;
				CLANG_ENABLE_OBJC_WEAK = YES;
				CLANG_WARN_BLOCK_CAPTURE_AUTORELEASING = YES;
				CLANG_WARN_BOOL_CONVERSION = YES;
				CLANG_WARN_COMMA = YES;
				CLANG_WARN_CONSTANT_CONVERSION = YES;
				CLANG_WARN_DEPRECATED_OBJC_IMPLEMENTATIONS = YES;
				CLANG_WARN_DIRECT_OBJC_ISA_USAGE = YES_ERROR;
				CLANG_WARN_DOCUMENTATION_COMMENTS = YES;
				CLANG_WARN_EMPTY_BODY = YES;
				CLANG_WARN_ENUM_CONVERSION = YES;
				CLANG_WARN_INFINITE_RECURSION = YES;
				CLANG_WARN_INT_CONVERSION = YES;
				CLANG_WARN_NON_LITERAL_NULL_CONVERSION = YES;
				CLANG_WARN_OBJC_IMPLICIT_RETAIN_SELF = YES;
				CLANG_WARN_OBJC_LITERAL_CONVERSION = YES;
				CLANG_WARN_OBJC_ROOT_CLASS = YES_ERROR;
				CLANG_WARN_QUOTED_INCLUDE_IN_FRAMEWORK_HEADER = YES;
				CLANG_WARN_RANGE_LOOP_ANALYSIS = YES;
				CLANG_WARN_STRICT_PROTOTYPES = YES;
				CLANG_WARN_SUSPICIOUS_MOVE = YES;
				CLANG_WARN_UNGUARDED_AVAILABILITY = YES_AGGRESSIVE;
				CLANG_WARN_UNREACHABLE_CODE = YES;
				CLANG_WARN__DUPLICATE_METHOD_MATCH = YES;
				COPY_PHASE_STRIP = NO;
				DEBUG_INFORMATION_FORMAT = dwarf;
				ENABLE_HARDENED_RUNTIME = YES;
				ENABLE_STRICT_OBJC_MSGSEND = YES;
				ENABLE_TESTABILITY = YES;
				GCC_C_LANGUAGE_STANDARD = gnu11;
				GCC_DYNAMIC_NO_PIC = NO;
				GCC_NO_COMMON_BLOCKS = YES;
				GCC_OPTIMIZATION_LEVEL = 0;
				GCC_PREPROCESSOR_DEFINITIONS = (
					"$(inherited)",
					"DEBUG=1",
				);
				GCC_WARN_64_TO_32_BIT_CONVERSION = YES;
				GCC_WARN_ABOUT_RETURN_TYPE = YES_ERROR;
				GCC_WARN_UNDECLARED_SELECTOR = YES;
				GCC_WARN_UNINITIALIZED_AUTOS = YES_AGGRESSIVE;
				GCC_WARN_UNUSED_FUNCTION = YES;
				GCC_WARN_UNUSED_VARIABLE = YES;
				MACOSX_DEPLOYMENT_TARGET = 13.0;
				MTL_ENABLE_DEBUG_INFO = INCLUDE_SOURCE;
				MTL_FAST_MATH = YES;
				ONLY_ACTIVE_ARCH = YES;
				PRODUCT_NAME = "$(TARGET_NAME)";
				SDKROOT = macosx;
				SWIFT_ACTIVE_COMPILATION_CONDITIONS = DEBUG;
				SWIFT_OPTIMIZATION_LEVEL = "-Onone";
				SWIFT_VERSION = 5.9;
			};
			name = Debug;
		};
/* End XCBuildConfiguration section */

/* Begin XCConfigurationList section */
		05FCA966E5C3F35F4B3F527C /* Build configuration list for PBXNativeTarget "macspanso" */ = {
			isa = XCConfigurationList;
			buildConfigurations = (
				437C82B8DCCF4885E1EBF458 /* Debug */,
				81F67B36EE86CC1600D1F418 /* Release */,
			);
			defaultConfigurationIsVisible = 0;
			defaultConfigurationName = Debug;
		};
		669B649026B326F6794F7FF3 /* Build configuration list for PBXNativeTarget "macspansoTests" */ = {
			isa = XCConfigurationList;
			buildConfigurations = (
				8586014D53E5DC74E8FA39ED /* Debug */,
				08F1F962335F6DF203C7040A /* Release */,
			);
			defaultConfigurationIsVisible = 0;
			defaultConfigurationName = Debug;
		};
		BFD006AE4C09E4BEA90F9E1C /* Build configuration list for PBXProject "macspanso" */ = {
			isa = XCConfigurationList;
			buildConfigurations = (
				E4FDB40345B78214CFC2483C /* Debug */,
				E444A741527891FF8AB01016 /* Release */,
			);
			defaultConfigurationIsVisible = 0;
			defaultConfigurationName = Debug;
		};
/* End XCConfigurationList section */

/* Begin XCRemoteSwiftPackageReference section */
		1C4E8C4E79EDD11AE79F2439 /* XCRemoteSwiftPackageReference "Yams" */ = {
			isa = XCRemoteSwiftPackageReference;
			repositoryURL = "https://github.com/jpsim/Yams";
			requirement = {
				kind = upToNextMajorVersion;
				minimumVersion = 5.0.6;
			};
		};
/* End XCRemoteSwiftPackageReference section */

/* Begin XCSwiftPackageProductDependency section */
		5FB62BECB934B23CAC5FA023 /* Yams */ = {
			isa = XCSwiftPackageProductDependency;
			package = 1C4E8C4E79EDD11AE79F2439 /* XCRemoteSwiftPackageReference "Yams" */;
			productName = Yams;
		};
		F5A008572CFB07101C8342C3 /* Yams */ = {
			isa = XCSwiftPackageProductDependency;
			package = 1C4E8C4E79EDD11AE79F2439 /* XCRemoteSwiftPackageReference "Yams" */;
			productName = Yams;
		};
/* End XCSwiftPackageProductDependency section */
	};
	rootObject = 4C137EBD843B41073140CDC9 /* Project object */;
}
